<?xml version="1.0" encoding="utf-8"?>
<Project ToolsVersion="4.0" xmlns="http://schemas.microsoft.com/developer/msbuild/2003">
  <ItemGroup>
    <Filter Include="core">
      <UniqueIdentifier>{785ced9c-b4cb-4951-863f-eff08bf79381}</UniqueIdentifier>
    </Filter>
    <Filter Include="osinteraction">
      <UniqueIdentifier>{0f99c7c7-dd40-4810-8b6b-caa1fd9eacf6}</UniqueIdentifier>
    </Filter>
    <Filter Include="osinteraction\windows">
      <UniqueIdentifier>{a5b78b8a-091f-4a3f-86b5-9a4d27a2389a}</UniqueIdentifier>
    </Filter>
    <Filter Include="core\misc">
      <UniqueIdentifier>{29aefe56-3d51-42ec-8bbe-bf5f8e995d46}</UniqueIdentifier>
    </Filter>
    <Filter Include="core\math">
      <UniqueIdentifier>{ba6c43ad-47df-48ea-a908-62ea02b095f3}</UniqueIdentifier>
    </Filter>
    <Filter Include="core\concurrency">
      <UniqueIdentifier>{31341a75-96e4-478e-960f-30515c296df7}</UniqueIdentifier>
    </Filter>
    <Filter Include="core\vulkan">
      <UniqueIdentifier>{813b1bb1-a446-45c0-838b-9ab0c4cca168}</UniqueIdentifier>
    </Filter>
    <Filter Include="core\dx">
      <UniqueIdentifier>{09e27aa4-0c1d-42e8-92b7-f276f5dcf469}</UniqueIdentifier>
    </Filter>
    <Filter Include="core\dx\dxgi">
      <UniqueIdentifier>{f8e0559a-358d-4301-b1a2-96755df78e9f}</UniqueIdentifier>
    </Filter>
    <Filter Include="core\dx\d3d12">
      <UniqueIdentifier>{eb58bf7e-0e15-4e61-80ae-c88bc285fae7}</UniqueIdentifier>
    </Filter>
    <Filter Include="osinteraction\linux">
      <UniqueIdentifier>{550ef8da-61ac-4706-a0bd-42ff6a0a7b42}</UniqueIdentifier>
    </Filter>
    <Filter Include="osinteraction\macos">
      <UniqueIdentifier>{df13bc8c-681b-43fe-8924-ccdca4bbbb30}</UniqueIdentifier>
    </Filter>
    <Filter Include="core\opengl45">
      <UniqueIdentifier>{f7e3cd51-63e9-43c0-b474-9120c1b2f293}</UniqueIdentifier>
    </Filter>
    <Filter Include="core\metal">
      <UniqueIdentifier>{a4e446ea-aa7a-4e7b-b84e-ea1a1c65d5b1}</UniqueIdentifier>
    </Filter>
    <Filter Include="core\dx\d3d12\tasks">
      <UniqueIdentifier>{5ceb6d90-0f7b-4f45-a807-a2ea0b550037}</UniqueIdentifier>
    </Filter>
    <Filter Include="core\dx\d3d12\task_caches">
      <UniqueIdentifier>{d7d304cf-be59-4f3e-bb3a-b95392de971d}</UniqueIdentifier>
    </Filter>
    <Filter Include="3rd_party">
      <UniqueIdentifier>{2b6a1055-c2e8-4ee4-8658-02e2b18c2e71}</UniqueIdentifier>
    </Filter>
    <Filter Include="3rd_party\pugixml">
      <UniqueIdentifier>{ab8a1f3c-044c-484b-8277-a4f1450e589b}</UniqueIdentifier>
    </Filter>
    <Filter Include="3rd_party\SpookyHash">
      <UniqueIdentifier>{543e323c-4d8c-4634-a7a5-9837ea5936a5}</UniqueIdentifier>
    </Filter>
    <Filter Include="3rd_party\half">
      <UniqueIdentifier>{22074255-8731-4527-898b-3eb029886c6a}</UniqueIdentifier>
    </Filter>
    <Filter Include="3rd_party\json">
      <UniqueIdentifier>{9426151a-d24b-49e4-8f6b-459bd52ccaea}</UniqueIdentifier>
    </Filter>
    <Filter Include="core\dx\dxcompilation">
      <UniqueIdentifier>{797ae9dd-0a12-4ffa-9ce1-98f268bfd560}</UniqueIdentifier>
    </Filter>
  </ItemGroup>
  <ItemGroup>
    <ClInclude Include="osinteraction\keyboard.h">
      <Filter>osinteraction</Filter>
    </ClInclude>
    <ClInclude Include="osinteraction\listener.h">
      <Filter>osinteraction</Filter>
    </ClInclude>
    <ClInclude Include="osinteraction\windows\fence_event.h">
      <Filter>osinteraction\windows</Filter>
    </ClInclude>
    <ClInclude Include="osinteraction\windows\window.h">
      <Filter>osinteraction\windows</Filter>
    </ClInclude>
    <ClInclude Include="osinteraction\windows\window_listeners.h">
      <Filter>osinteraction\windows</Filter>
    </ClInclude>
    <ClInclude Include="core\allocator.h">
      <Filter>core</Filter>
    </ClInclude>
    <ClInclude Include="core\blend_descriptor.h">
      <Filter>core</Filter>
    </ClInclude>
    <ClInclude Include="core\class_names.h">
      <Filter>core</Filter>
    </ClInclude>
    <ClInclude Include="core\data_blob.h">
      <Filter>core</Filter>
    </ClInclude>
    <ClInclude Include="core\default_allocator.h">
      <Filter>core</Filter>
    </ClInclude>
    <ClInclude Include="core\depth_stencil_descriptor.h">
      <Filter>core</Filter>
    </ClInclude>
    <ClInclude Include="core\entity.h">
      <Filter>core</Filter>
    </ClInclude>
    <ClInclude Include="core\error_behavioral.h">
      <Filter>core</Filter>
    </ClInclude>
    <ClInclude Include="core\exception.h">
      <Filter>core</Filter>
    </ClInclude>
    <ClInclude Include="core\multisampling.h">
      <Filter>core</Filter>
    </ClInclude>
    <ClInclude Include="core\primitive_topology.h">
      <Filter>core</Filter>
    </ClInclude>
    <ClInclude Include="core\rasterizer_descriptor.h">
      <Filter>core</Filter>
    </ClInclude>
    <ClInclude Include="core\ring_buffer_allocator.h">
      <Filter>core</Filter>
    </ClInclude>
    <ClInclude Include="core\shader_source_code_preprocessor.h">
      <Filter>core</Filter>
    </ClInclude>
    <ClInclude Include="core\stream_output.h">
      <Filter>core</Filter>
    </ClInclude>
    <ClInclude Include="core\vertex_attributes.h">
      <Filter>core</Filter>
    </ClInclude>
    <ClInclude Include="core\vulkan\vulkan_tools.h">
      <Filter>core\vulkan</Filter>
    </ClInclude>
    <ClInclude Include="core\opengl45\opengl45_tools.h">
      <Filter>core\opengl45</Filter>
    </ClInclude>
    <ClInclude Include="core\misc\constant_converter.h">
      <Filter>core\misc</Filter>
    </ClInclude>
    <ClInclude Include="core\misc\datetime.h">
      <Filter>core\misc</Filter>
    </ClInclude>
    <ClInclude Include="core\misc\flags.h">
      <Filter>core\misc</Filter>
    </ClInclude>
    <ClInclude Include="core\misc\log.h">
      <Filter>core\misc</Filter>
    </ClInclude>
    <ClInclude Include="core\misc\misc.h">
      <Filter>core\misc</Filter>
    </ClInclude>
    <ClInclude Include="core\misc\optional.h">
      <Filter>core\misc</Filter>
    </ClInclude>
    <ClInclude Include="core\misc\static_hash_table.h">
      <Filter>core\misc</Filter>
    </ClInclude>
    <ClInclude Include="core\metal\metal_tools.h">
      <Filter>core\metal</Filter>
    </ClInclude>
    <ClInclude Include="core\math\matrix_types.h">
      <Filter>core\math</Filter>
    </ClInclude>
    <ClInclude Include="core\math\rectangle.h">
      <Filter>core\math</Filter>
    </ClInclude>
    <ClInclude Include="core\math\vector_types.h">
      <Filter>core\math</Filter>
    </ClInclude>
    <ClInclude Include="core\concurrency\abstract_task.h">
      <Filter>core\concurrency</Filter>
    </ClInclude>
    <ClInclude Include="core\concurrency\hazard_pointer_pool.h">
      <Filter>core\concurrency</Filter>
    </ClInclude>
    <ClInclude Include="core\concurrency\lock_free_queue.h">
      <Filter>core\concurrency</Filter>
    </ClInclude>
    <ClInclude Include="core\concurrency\ring_buffer_task_queue.h">
      <Filter>core\concurrency</Filter>
    </ClInclude>
    <ClInclude Include="core\concurrency\schedulable_task.h">
      <Filter>core\concurrency</Filter>
    </ClInclude>
    <ClInclude Include="core\concurrency\task_graph.h">
      <Filter>core\concurrency</Filter>
    </ClInclude>
    <ClInclude Include="core\concurrency\task_graph_node.h">
      <Filter>core\concurrency</Filter>
    </ClInclude>
    <ClInclude Include="core\concurrency\task_sink.h">
      <Filter>core\concurrency</Filter>
    </ClInclude>
    <ClInclude Include="core\dx\dxgi\common.h">
      <Filter>core\dx\dxgi</Filter>
    </ClInclude>
    <ClInclude Include="core\dx\dxgi\hw_adapter_enumerator.h">
      <Filter>core\dx\dxgi</Filter>
    </ClInclude>
    <ClInclude Include="core\dx\dxgi\hw_output_enumerator.h">
      <Filter>core\dx\dxgi</Filter>
    </ClInclude>
    <ClInclude Include="core\dx\dxgi\swap_chain.h">
      <Filter>core\dx\dxgi</Filter>
    </ClInclude>
    <ClInclude Include="core\dx\d3d12\command_list.h">
      <Filter>core\dx\d3d12</Filter>
    </ClInclude>
    <ClInclude Include="core\dx\d3d12\command_queue.h">
      <Filter>core\dx\d3d12</Filter>
    </ClInclude>
    <ClInclude Include="core\dx\d3d12\constant_buffer.h">
      <Filter>core\dx\d3d12</Filter>
    </ClInclude>
    <ClInclude Include="core\dx\d3d12\d3d12_tools.h">
      <Filter>core\dx\d3d12</Filter>
    </ClInclude>
    <ClInclude Include="core\dx\d3d12\debug_interface.h">
      <Filter>core\dx\d3d12</Filter>
    </ClInclude>
    <ClInclude Include="core\dx\d3d12\descriptor_heap.h">
      <Filter>core\dx\d3d12</Filter>
    </ClInclude>
    <ClInclude Include="core\dx\d3d12\device.h">
      <Filter>core\dx\d3d12</Filter>
    </ClInclude>
    <ClInclude Include="core\dx\d3d12\fence.h">
      <Filter>core\dx\d3d12</Filter>
    </ClInclude>
    <ClInclude Include="core\dx\d3d12\heap.h">
      <Filter>core\dx\d3d12</Filter>
    </ClInclude>
    <ClInclude Include="core\dx\d3d12\heap_data_uploader.h">
      <Filter>core\dx\d3d12</Filter>
    </ClInclude>
    <ClInclude Include="core\dx\d3d12\heap_resource_placer.h">
      <Filter>core\dx\d3d12</Filter>
    </ClInclude>
    <ClInclude Include="core\dx\d3d12\pipeline_state.h">
      <Filter>core\dx\d3d12</Filter>
    </ClInclude>
    <ClInclude Include="core\dx\d3d12\resource.h">
      <Filter>core\dx\d3d12</Filter>
    </ClInclude>
    <ClInclude Include="core\dx\d3d12\resource_barrier.h">
      <Filter>core\dx\d3d12</Filter>
    </ClInclude>
    <ClInclude Include="core\dx\d3d12\root_signature.h">
      <Filter>core\dx\d3d12</Filter>
    </ClInclude>
    <ClInclude Include="core\dx\d3d12\tasks\hlsl_compilation_task.h">
      <Filter>core\dx\d3d12\tasks</Filter>
    </ClInclude>
    <ClInclude Include="core\dx\d3d12\tasks\pso_compilation_task.h">
      <Filter>core\dx\d3d12\tasks</Filter>
    </ClInclude>
    <ClInclude Include="core\dx\d3d12\task_caches\hlsl_compilation_task_cache.h">
      <Filter>core\dx\d3d12\task_caches</Filter>
    </ClInclude>
    <ClInclude Include="core\filter.h">
      <Filter>core</Filter>
    </ClInclude>
    <ClInclude Include="core\dx\d3d12\d3d12_pso_xml_parser.h">
      <Filter>core\dx\d3d12</Filter>
    </ClInclude>
    <ClInclude Include="..\3rd_party\pugixml\src\pugiconfig.hpp">
      <Filter>3rd_party\pugixml</Filter>
    </ClInclude>
    <ClInclude Include="..\3rd_party\pugixml\src\pugixml.hpp">
      <Filter>3rd_party\pugixml</Filter>
    </ClInclude>
    <ClInclude Include="core\misc\template_argument_iterator.h">
      <Filter>core\misc</Filter>
    </ClInclude>
    <ClInclude Include="core\global_settings.h">
      <Filter>core</Filter>
    </ClInclude>
    <ClInclude Include="..\3rd_party\SpookyHash\SpookyV2.h">
      <Filter>3rd_party\SpookyHash</Filter>
    </ClInclude>
    <ClInclude Include="core\globals.h">
      <Filter>core</Filter>
    </ClInclude>
    <ClInclude Include="core\misc\hashed_string.h">
      <Filter>core\misc</Filter>
    </ClInclude>
    <ClInclude Include="..\3rd_party\half\half.h">
      <Filter>3rd_party\half</Filter>
    </ClInclude>
    <ClInclude Include="core\initializer.h">
      <Filter>core</Filter>
    </ClInclude>
    <ClInclude Include="core\lexgine_core_fwd.h">
      <Filter>core</Filter>
    </ClInclude>
    <ClInclude Include="core\streamed_cache.h">
      <Filter>core</Filter>
    </ClInclude>
    <ClInclude Include="..\3rd_party\json\json.hpp">
      <Filter>3rd_party\json</Filter>
    </ClInclude>
    <ClInclude Include="core\dx\dxcompilation\dx_compiler_proxy.h">
      <Filter>core\dx\dxcompilation</Filter>
    </ClInclude>
    <ClInclude Include="core\dx\dxcompilation\common.h">
      <Filter>core\dx\dxcompilation</Filter>
    </ClInclude>
    <ClInclude Include="core\misc\strict_weak_ordering.h">
      <Filter>core\misc</Filter>
    </ClInclude>
    <ClInclude Include="core\dx\d3d12\dx_resource_factory.h">
      <Filter>core\dx\d3d12</Filter>
    </ClInclude>
    <ClInclude Include="core\dx\d3d12\lexgine_core_dx_d3d12_fwd.h">
      <Filter>core\dx\d3d12</Filter>
    </ClInclude>
    <ClInclude Include="core\dx\dxgi\lexgine_core_dx_dxgi_fwd.h">
      <Filter>core\dx\dxgi</Filter>
    </ClInclude>
    <ClInclude Include="core\dx\d3d12\task_caches\lexgine_core_dx_d3d12_task_caches_fwd.h">
      <Filter>core\dx\d3d12\task_caches</Filter>
    </ClInclude>
    <ClInclude Include="core\dx\d3d12\tasks\lexgine_core_dx_d3d12_tasks_fwd.h">
      <Filter>core\dx\d3d12\tasks</Filter>
    </ClInclude>
    <ClInclude Include="core\dx\d3d12\task_caches\pso_compilation_task_cache.h">
      <Filter>core\dx\d3d12\task_caches</Filter>
    </ClInclude>
    <ClInclude Include="core\dx\d3d12\task_caches\root_signature_compilation_task_cache.h">
      <Filter>core\dx\d3d12\task_caches</Filter>
    </ClInclude>
    <ClInclude Include="core\dx\d3d12\tasks\root_signature_compilation_task.h">
      <Filter>core\dx\d3d12\tasks</Filter>
    </ClInclude>
    <ClInclude Include="core\dx\d3d12\task_caches\combined_cache_key.h">
      <Filter>core\dx\d3d12\task_caches</Filter>
    </ClInclude>
    <ClInclude Include="core\dx\d3d12\task_caches\cache_utilities.h">
      <Filter>core\dx\d3d12\task_caches</Filter>
    </ClInclude>
    <ClInclude Include="core\build_info.h">
      <Filter>core</Filter>
    </ClInclude>
    <ClInclude Include="core\global_constants.h">
      <Filter>core</Filter>
    </ClInclude>
    <ClInclude Include="core\deferred_pso_compilation_agent.h">
      <Filter>core</Filter>
    </ClInclude>
    <ClInclude Include="core\dx\d3d12\root_signature_cache.h">
      <Filter>core\dx\d3d12</Filter>
    </ClInclude>
    <ClInclude Include="core\concurrency\lexgine_core_concurrency_fwd.h">
      <Filter>core\concurrency</Filter>
    </ClInclude>
    <ClInclude Include="core\dx\d3d12\tasks\data_uploading_task.h">
      <Filter>core\dx\d3d12\tasks</Filter>
    </ClInclude>
    <ClInclude Include="core\dx\d3d12\command_allocator_ring.h">
      <Filter>core\dx\d3d12</Filter>
    </ClInclude>
    <ClInclude Include="osinteraction\windows\lexgine_osinteraction_windows_fwd.h">
      <Filter>osinteraction\windows</Filter>
    </ClInclude>
    <ClInclude Include="osinteraction\lexgine_osinteraction_fwd.h">
      <Filter>osinteraction</Filter>
    </ClInclude>
    <ClInclude Include="core\dx\d3d12\upload_buffer_allocator.h">
      <Filter>core\dx\d3d12</Filter>
    </ClInclude>
    <ClInclude Include="core\dx\d3d12\signal.h">
      <Filter>core\dx\d3d12</Filter>
    </ClInclude>
    <ClInclude Include="core\math\lexgine_core_math_fwd.h">
      <Filter>core\math</Filter>
    </ClInclude>
    <ClInclude Include="core\math\box.h">
      <Filter>core\math</Filter>
    </ClInclude>
    <ClInclude Include="core\viewport.h">
      <Filter>core</Filter>
    </ClInclude>
  </ItemGroup>
  <ItemGroup>
    <ClCompile Include="osinteraction\listener.cpp">
      <Filter>osinteraction</Filter>
    </ClCompile>
    <ClCompile Include="osinteraction\windows\fence_event.cpp">
      <Filter>osinteraction\windows</Filter>
    </ClCompile>
    <ClCompile Include="osinteraction\windows\window.cpp">
      <Filter>osinteraction\windows</Filter>
    </ClCompile>
    <ClCompile Include="osinteraction\windows\window_listeners.cpp">
      <Filter>osinteraction\windows</Filter>
    </ClCompile>
    <ClCompile Include="core\blend_descriptor.cpp">
      <Filter>core</Filter>
    </ClCompile>
    <ClCompile Include="core\class_names.cpp">
      <Filter>core</Filter>
    </ClCompile>
    <ClCompile Include="core\data_blob.cpp">
      <Filter>core</Filter>
    </ClCompile>
    <ClCompile Include="core\depth_stencil_descriptor.cpp">
      <Filter>core</Filter>
    </ClCompile>
    <ClCompile Include="core\entity.cpp">
      <Filter>core</Filter>
    </ClCompile>
    <ClCompile Include="core\error_behavioral.cpp">
      <Filter>core</Filter>
    </ClCompile>
    <ClCompile Include="core\exception.cpp">
      <Filter>core</Filter>
    </ClCompile>
    <ClCompile Include="core\multisampling.cpp">
      <Filter>core</Filter>
    </ClCompile>
    <ClCompile Include="core\rasterizer_descriptor.cpp">
      <Filter>core</Filter>
    </ClCompile>
    <ClCompile Include="core\shader_source_code_preprocessor.cpp">
      <Filter>core</Filter>
    </ClCompile>
    <ClCompile Include="core\stream_output.cpp">
      <Filter>core</Filter>
    </ClCompile>
    <ClCompile Include="core\misc\datetime.cpp">
      <Filter>core\misc</Filter>
    </ClCompile>
    <ClCompile Include="core\misc\log.cpp">
      <Filter>core\misc</Filter>
    </ClCompile>
    <ClCompile Include="core\misc\misc.cpp">
      <Filter>core\misc</Filter>
    </ClCompile>
    <ClCompile Include="core\math\rectangle.cpp">
      <Filter>core\math</Filter>
    </ClCompile>
    <ClCompile Include="core\concurrency\abstract_task.cpp">
      <Filter>core\concurrency</Filter>
    </ClCompile>
    <ClCompile Include="core\concurrency\schedulable_task.cpp">
      <Filter>core\concurrency</Filter>
    </ClCompile>
    <ClCompile Include="core\concurrency\task_graph.cpp">
      <Filter>core\concurrency</Filter>
    </ClCompile>
    <ClCompile Include="core\concurrency\task_graph_node.cpp">
      <Filter>core\concurrency</Filter>
    </ClCompile>
    <ClCompile Include="core\concurrency\task_sink.cpp">
      <Filter>core\concurrency</Filter>
    </ClCompile>
    <ClCompile Include="core\dx\dxgi\hw_adapter_enumerator.cpp">
      <Filter>core\dx\dxgi</Filter>
    </ClCompile>
    <ClCompile Include="core\dx\dxgi\hw_output_enumerator.cpp">
      <Filter>core\dx\dxgi</Filter>
    </ClCompile>
    <ClCompile Include="core\dx\dxgi\swap_chain.cpp">
      <Filter>core\dx\dxgi</Filter>
    </ClCompile>
    <ClCompile Include="core\dx\d3d12\command_list.cpp">
      <Filter>core\dx\d3d12</Filter>
    </ClCompile>
    <ClCompile Include="core\dx\d3d12\command_queue.cpp">
      <Filter>core\dx\d3d12</Filter>
    </ClCompile>
    <ClCompile Include="core\dx\d3d12\constant_buffer.cpp">
      <Filter>core\dx\d3d12</Filter>
    </ClCompile>
    <ClCompile Include="core\dx\d3d12\debug_interface.cpp">
      <Filter>core\dx\d3d12</Filter>
    </ClCompile>
    <ClCompile Include="core\dx\d3d12\descriptor_heap.cpp">
      <Filter>core\dx\d3d12</Filter>
    </ClCompile>
    <ClCompile Include="core\dx\d3d12\device.cpp">
      <Filter>core\dx\d3d12</Filter>
    </ClCompile>
    <ClCompile Include="core\dx\d3d12\fence.cpp">
      <Filter>core\dx\d3d12</Filter>
    </ClCompile>
    <ClCompile Include="core\dx\d3d12\heap.cpp">
      <Filter>core\dx\d3d12</Filter>
    </ClCompile>
    <ClCompile Include="core\dx\d3d12\heap_data_uploader.cpp">
      <Filter>core\dx\d3d12</Filter>
    </ClCompile>
    <ClCompile Include="core\dx\d3d12\heap_resource_placer.cpp">
      <Filter>core\dx\d3d12</Filter>
    </ClCompile>
    <ClCompile Include="core\dx\d3d12\pipeline_state.cpp">
      <Filter>core\dx\d3d12</Filter>
    </ClCompile>
    <ClCompile Include="core\dx\d3d12\resource.cpp">
      <Filter>core\dx\d3d12</Filter>
    </ClCompile>
    <ClCompile Include="core\dx\d3d12\root_signature.cpp">
      <Filter>core\dx\d3d12</Filter>
    </ClCompile>
    <ClCompile Include="core\dx\d3d12\tasks\hlsl_compilation_task.cpp">
      <Filter>core\dx\d3d12\tasks</Filter>
    </ClCompile>
    <ClCompile Include="core\dx\d3d12\task_caches\hlsl_compilation_task_cache.cpp">
      <Filter>core\dx\d3d12\task_caches</Filter>
    </ClCompile>
    <ClCompile Include="core\filter.cpp">
      <Filter>core</Filter>
    </ClCompile>
    <ClCompile Include="core\dx\d3d12\d3d12_pso_xml_parser.cpp">
      <Filter>core\dx\d3d12</Filter>
    </ClCompile>
    <ClCompile Include="..\3rd_party\pugixml\src\pugixml.cpp">
      <Filter>3rd_party\pugixml</Filter>
    </ClCompile>
    <ClCompile Include="core\global_settings.cpp">
      <Filter>core</Filter>
    </ClCompile>
    <ClCompile Include="..\3rd_party\SpookyHash\SpookyV2.cpp">
      <Filter>3rd_party\SpookyHash</Filter>
    </ClCompile>
    <ClCompile Include="core\globals.cpp">
      <Filter>core</Filter>
    </ClCompile>
    <ClCompile Include="core\misc\hashed_string.cpp">
      <Filter>core\misc</Filter>
    </ClCompile>
    <ClCompile Include="core\initializer.cpp">
      <Filter>core</Filter>
    </ClCompile>
    <ClCompile Include="core\dx\dxcompilation\dx_compiler_proxy.cpp">
      <Filter>core\dx\dxcompilation</Filter>
    </ClCompile>
    <ClCompile Include="core\dx\d3d12\dx_resource_factory.cpp">
      <Filter>core\dx\d3d12</Filter>
    </ClCompile>
    <ClCompile Include="core\dx\d3d12\tasks\pso_compilation_task.cpp">
      <Filter>core\dx\d3d12\tasks</Filter>
    </ClCompile>
    <ClCompile Include="core\dx\d3d12\task_caches\pso_compilation_task_cache.cpp">
      <Filter>core\dx\d3d12\task_caches</Filter>
    </ClCompile>
    <ClCompile Include="core\dx\d3d12\task_caches\root_signature_compilation_task_cache.cpp">
      <Filter>core\dx\d3d12\task_caches</Filter>
    </ClCompile>
    <ClCompile Include="core\dx\d3d12\tasks\root_signature_compilation_task.cpp">
      <Filter>core\dx\d3d12\tasks</Filter>
    </ClCompile>
    <ClCompile Include="core\dx\d3d12\task_caches\combined_cache_key.cpp">
      <Filter>core\dx\d3d12\task_caches</Filter>
    </ClCompile>
    <ClCompile Include="core\deferred_pso_compilation_agent.cpp">
      <Filter>core</Filter>
    </ClCompile>
    <ClCompile Include="core\dx\d3d12\task_caches\cache_utilities.cpp">
      <Filter>core\dx\d3d12\task_caches</Filter>
    </ClCompile>
    <ClCompile Include="core\dx\d3d12\root_signature_cache.cpp">
      <Filter>core\dx\d3d12</Filter>
    </ClCompile>
    <ClCompile Include="core\dx\d3d12\tasks\data_uploading_task.cpp">
      <Filter>core\dx\d3d12\tasks</Filter>
    </ClCompile>
    <ClCompile Include="core\dx\d3d12\command_allocator_ring.cpp">
      <Filter>core\dx\d3d12</Filter>
    </ClCompile>
    <ClCompile Include="core\dx\d3d12\upload_buffer_allocator.cpp">
      <Filter>core\dx\d3d12</Filter>
    </ClCompile>
    <ClCompile Include="core\math\box.cpp">
      <Filter>core\math</Filter>
    </ClCompile>
    <ClCompile Include="core\dx\d3d12\signal.cpp">
      <Filter>core\dx\d3d12</Filter>
    </ClCompile>
    <ClCompile Include="core\viewport.cpp">
      <Filter>core</Filter>
    </ClCompile>
  </ItemGroup>
  <ItemGroup>
    <None Include="core\dx\d3d12\constant_buffer_impl.inl">
      <Filter>core\dx\d3d12</Filter>
    </None>
    <None Include="core\dx\d3d12\constant_buffer_impl_converters_matrix_types.inl">
      <Filter>core\dx\d3d12</Filter>
    </None>
    <None Include="core\dx\d3d12\constant_buffer_impl_converters_scalar_types.inl">
      <Filter>core\dx\d3d12</Filter>
    </None>
    <None Include="core\dx\d3d12\constant_buffer_impl_converters_vector_types.inl">
      <Filter>core\dx\d3d12</Filter>
    </None>
    <None Include="core\dx\d3d12\d3d12_type_traits.inl">
      <Filter>core\dx\d3d12</Filter>
    </None>
    <None Include="core\dx\d3d12\d3d12_min_mag_filter_converter.inl">
      <Filter>core\dx\d3d12</Filter>
    </None>
  </ItemGroup>
</Project>