
Microsoft Visual Studio Solution File, Format Version 12.00
# Visual Studio Version 16
VisualStudioVersion = 16.0.29326.143
MinimumVisualStudioVersion = 10.0.40219.1
Project("{8BC9CEB8-8B4A-11D0-8D11-00A0C91BC942}") = "lexgine", "lexgine\lexgine.vcxproj", "{5DC120BC-E2B4-454D-82ED-565E3A9A9C50}"
	ProjectSection(ProjectDependencies) = postProject
		{36F390F1-9DBA-4785-9B15-046B6C761258} = {36F390F1-9DBA-4785-9B15-046B6C761258}
	EndProjectSection
EndProject
Project("{2150E333-8FDC-42A3-9474-1A3956D46DE8}") = "demos", "demos", "{11E16777-7FA1-4633-8A5C-ACEA8097BB65}"
EndProject
Project("{2150E333-8FDC-42A3-9474-1A3956D46DE8}") = "tests", "tests", "{D6B5F646-9963-45EB-BEB9-A49106F00646}"
EndProject
Project("{8BC9CEB8-8B4A-11D0-8D11-00A0C91BC942}") = "BasicTests", "tests\BasicTests.vcxproj", "{4C3B130F-6923-4609-9279-AB64744A43C6}"
	ProjectSection(ProjectDependencies) = postProject
		{5DC120BC-E2B4-454D-82ED-565E3A9A9C50} = {5DC120BC-E2B4-454D-82ED-565E3A9A9C50}
	EndProjectSection
EndProject
Project("{8BC9CEB8-8B4A-11D0-8D11-00A0C91BC942}") = "swe_demo", "demos\swe_demo\swe_demo.vcxproj", "{B8B8490D-8614-4D11-9985-FAD365069DBC}"
	ProjectSection(ProjectDependencies) = postProject
		{5DC120BC-E2B4-454D-82ED-565E3A9A9C50} = {5DC120BC-E2B4-454D-82ED-565E3A9A9C50}
	EndProjectSection
EndProject
Project("{8BC9CEB8-8B4A-11D0-8D11-00A0C91BC942}") = "TestSpooky", "3rd_party\SpookyHash\TestSpooky\TestSpooky.vcxproj", "{B5A17086-98F8-4BA8-8DA9-352399BCA4A5}"
	ProjectSection(ProjectDependencies) = postProject
		{5DC120BC-E2B4-454D-82ED-565E3A9A9C50} = {5DC120BC-E2B4-454D-82ED-565E3A9A9C50}
	EndProjectSection
EndProject
Project("{8BC9CEB8-8B4A-11D0-8D11-00A0C91BC942}") = "lua", "3rd_party\lua\lua.vcxproj", "{36F390F1-9DBA-4785-9B15-046B6C761258}"
EndProject
Project("{8BC9CEB8-8B4A-11D0-8D11-00A0C91BC942}") = "zlib", "3rd_party\zlib\zlib.vcxproj", "{BA5147B4-8629-4A36-A89D-821A0AAD4D1E}"
EndProject
Project("{2150E333-8FDC-42A3-9474-1A3956D46DE8}") = "3rd_party", "3rd_party", "{00FC0530-0CC9-476D-8DC9-17FC061C4516}"
EndProject
Project("{8BC9CEB8-8B4A-11D0-8D11-00A0C91BC942}") = "texture_converter", "texture_converter\texture_converter.vcxproj", "{1E855A00-2DFE-47AE-A890-2FD887CBBC60}"
EndProject
Project("{8BC9CEB8-8B4A-11D0-8D11-00A0C91BC942}") = "glm_static", "3rd_party\glm\glm_static.vcxproj", "{82711AE2-0EEF-3B09-B6BD-3BE84368AE1E}"
EndProject
Global
	GlobalSection(SolutionConfigurationPlatforms) = preSolution
		Debug|x64 = Debug|x64
		Debug|x86 = Debug|x86
		Release|x64 = Release|x64
		Release|x86 = Release|x86
	EndGlobalSection
	GlobalSection(ProjectConfigurationPlatforms) = postSolution
		{5DC120BC-E2B4-454D-82ED-565E3A9A9C50}.Debug|x64.ActiveCfg = Debug|x64
		{5DC120BC-E2B4-454D-82ED-565E3A9A9C50}.Debug|x64.Build.0 = Debug|x64
		{5DC120BC-E2B4-454D-82ED-565E3A9A9C50}.Debug|x86.ActiveCfg = Debug|Win32
		{5DC120BC-E2B4-454D-82ED-565E3A9A9C50}.Debug|x86.Build.0 = Debug|Win32
		{5DC120BC-E2B4-454D-82ED-565E3A9A9C50}.Release|x64.ActiveCfg = Release|x64
		{5DC120BC-E2B4-454D-82ED-565E3A9A9C50}.Release|x64.Build.0 = Release|x64
		{5DC120BC-E2B4-454D-82ED-565E3A9A9C50}.Release|x86.ActiveCfg = Release|Win32
		{5DC120BC-E2B4-454D-82ED-565E3A9A9C50}.Release|x86.Build.0 = Release|Win32
		{4C3B130F-6923-4609-9279-AB64744A43C6}.Debug|x64.ActiveCfg = Debug|x64
		{4C3B130F-6923-4609-9279-AB64744A43C6}.Debug|x64.Build.0 = Debug|x64
		{4C3B130F-6923-4609-9279-AB64744A43C6}.Debug|x86.ActiveCfg = Debug|Win32
		{4C3B130F-6923-4609-9279-AB64744A43C6}.Debug|x86.Build.0 = Debug|Win32
		{4C3B130F-6923-4609-9279-AB64744A43C6}.Release|x64.ActiveCfg = Release|x64
		{4C3B130F-6923-4609-9279-AB64744A43C6}.Release|x64.Build.0 = Release|x64
		{4C3B130F-6923-4609-9279-AB64744A43C6}.Release|x86.ActiveCfg = Release|Win32
		{4C3B130F-6923-4609-9279-AB64744A43C6}.Release|x86.Build.0 = Release|Win32
		{B8B8490D-8614-4D11-9985-FAD365069DBC}.Debug|x64.ActiveCfg = Debug|x64
		{B8B8490D-8614-4D11-9985-FAD365069DBC}.Debug|x64.Build.0 = Debug|x64
		{B8B8490D-8614-4D11-9985-FAD365069DBC}.Debug|x86.ActiveCfg = Debug|Win32
		{B8B8490D-8614-4D11-9985-FAD365069DBC}.Debug|x86.Build.0 = Debug|Win32
		{B8B8490D-8614-4D11-9985-FAD365069DBC}.Release|x64.ActiveCfg = Release|x64
		{B8B8490D-8614-4D11-9985-FAD365069DBC}.Release|x64.Build.0 = Release|x64
		{B8B8490D-8614-4D11-9985-FAD365069DBC}.Release|x86.ActiveCfg = Release|Win32
		{B8B8490D-8614-4D11-9985-FAD365069DBC}.Release|x86.Build.0 = Release|Win32
		{B5A17086-98F8-4BA8-8DA9-352399BCA4A5}.Debug|x64.ActiveCfg = Debug|x64
		{B5A17086-98F8-4BA8-8DA9-352399BCA4A5}.Debug|x64.Build.0 = Debug|x64
		{B5A17086-98F8-4BA8-8DA9-352399BCA4A5}.Debug|x86.ActiveCfg = Debug|Win32
		{B5A17086-98F8-4BA8-8DA9-352399BCA4A5}.Debug|x86.Build.0 = Debug|Win32
		{B5A17086-98F8-4BA8-8DA9-352399BCA4A5}.Release|x64.ActiveCfg = Release|x64
		{B5A17086-98F8-4BA8-8DA9-352399BCA4A5}.Release|x64.Build.0 = Release|x64
		{B5A17086-98F8-4BA8-8DA9-352399BCA4A5}.Release|x86.ActiveCfg = Release|Win32
		{B5A17086-98F8-4BA8-8DA9-352399BCA4A5}.Release|x86.Build.0 = Release|Win32
		{36F390F1-9DBA-4785-9B15-046B6C761258}.Debug|x64.ActiveCfg = Debug|x64
		{36F390F1-9DBA-4785-9B15-046B6C761258}.Debug|x64.Build.0 = Debug|x64
		{36F390F1-9DBA-4785-9B15-046B6C761258}.Debug|x86.ActiveCfg = Debug|Win32
		{36F390F1-9DBA-4785-9B15-046B6C761258}.Debug|x86.Build.0 = Debug|Win32
		{36F390F1-9DBA-4785-9B15-046B6C761258}.Release|x64.ActiveCfg = Release|x64
		{36F390F1-9DBA-4785-9B15-046B6C761258}.Release|x64.Build.0 = Release|x64
		{36F390F1-9DBA-4785-9B15-046B6C761258}.Release|x86.ActiveCfg = Release|Win32
		{36F390F1-9DBA-4785-9B15-046B6C761258}.Release|x86.Build.0 = Release|Win32
		{BA5147B4-8629-4A36-A89D-821A0AAD4D1E}.Debug|x64.ActiveCfg = Debug|x64
		{BA5147B4-8629-4A36-A89D-821A0AAD4D1E}.Debug|x64.Build.0 = Debug|x64
		{BA5147B4-8629-4A36-A89D-821A0AAD4D1E}.Debug|x86.ActiveCfg = Debug|Win32
		{BA5147B4-8629-4A36-A89D-821A0AAD4D1E}.Debug|x86.Build.0 = Debug|Win32
		{BA5147B4-8629-4A36-A89D-821A0AAD4D1E}.Release|x64.ActiveCfg = Release|x64
		{BA5147B4-8629-4A36-A89D-821A0AAD4D1E}.Release|x64.Build.0 = Release|x64
		{BA5147B4-8629-4A36-A89D-821A0AAD4D1E}.Release|x86.ActiveCfg = Release|Win32
		{BA5147B4-8629-4A36-A89D-821A0AAD4D1E}.Release|x86.Build.0 = Release|Win32
		{1E855A00-2DFE-47AE-A890-2FD887CBBC60}.Debug|x64.ActiveCfg = Debug|x64
		{1E855A00-2DFE-47AE-A890-2FD887CBBC60}.Debug|x64.Build.0 = Debug|x64
		{1E855A00-2DFE-47AE-A890-2FD887CBBC60}.Debug|x86.ActiveCfg = Debug|Win32
		{1E855A00-2DFE-47AE-A890-2FD887CBBC60}.Debug|x86.Build.0 = Debug|Win32
		{1E855A00-2DFE-47AE-A890-2FD887CBBC60}.Release|x64.ActiveCfg = Release|x64
		{1E855A00-2DFE-47AE-A890-2FD887CBBC60}.Release|x64.Build.0 = Release|x64
		{1E855A00-2DFE-47AE-A890-2FD887CBBC60}.Release|x86.ActiveCfg = Release|Win32
		{1E855A00-2DFE-47AE-A890-2FD887CBBC60}.Release|x86.Build.0 = Release|Win32
		{82711AE2-0EEF-3B09-B6BD-3BE84368AE1E}.Debug|x64.ActiveCfg = Debug|x64
		{82711AE2-0EEF-3B09-B6BD-3BE84368AE1E}.Debug|x64.Build.0 = Debug|x64
		{82711AE2-0EEF-3B09-B6BD-3BE84368AE1E}.Debug|x86.ActiveCfg = Debug|x64
		{82711AE2-0EEF-3B09-B6BD-3BE84368AE1E}.Release|x64.ActiveCfg = Release|x64
		{82711AE2-0EEF-3B09-B6BD-3BE84368AE1E}.Release|x64.Build.0 = Release|x64
		{82711AE2-0EEF-3B09-B6BD-3BE84368AE1E}.Release|x86.ActiveCfg = Release|x64
	EndGlobalSection
	GlobalSection(SolutionProperties) = preSolution
		HideSolutionNode = FALSE
	EndGlobalSection
	GlobalSection(NestedProjects) = preSolution
		{4C3B130F-6923-4609-9279-AB64744A43C6} = {D6B5F646-9963-45EB-BEB9-A49106F00646}
		{B8B8490D-8614-4D11-9985-FAD365069DBC} = {11E16777-7FA1-4633-8A5C-ACEA8097BB65}
		{B5A17086-98F8-4BA8-8DA9-352399BCA4A5} = {D6B5F646-9963-45EB-BEB9-A49106F00646}
		{36F390F1-9DBA-4785-9B15-046B6C761258} = {00FC0530-0CC9-476D-8DC9-17FC061C4516}
		{BA5147B4-8629-4A36-A89D-821A0AAD4D1E} = {00FC0530-0CC9-476D-8DC9-17FC061C4516}
		{82711AE2-0EEF-3B09-B6BD-3BE84368AE1E} = {00FC0530-0CC9-476D-8DC9-17FC061C4516}
	EndGlobalSection
	GlobalSection(ExtensibilityGlobals) = postSolution
		SolutionGuid = {1C75400B-E3B6-452D-B08F-380F3B915F4B}
	EndGlobalSection
EndGlobal
